
Microsoft Visual Studio Solution File, Format Version 12.00
# Visual Studio Version 17
VisualStudioVersion = 17.14.36915.13 d17.14
MinimumVisualStudioVersion = 10.0.40219.1
Project("{FAE04EC0-301F-11D3-BF4B-00C04F79EFBC}") = "ValidacionesBiblioteca", "ValidacionesBiblioteca.csproj", "{CE836B4A-3129-4D99-9C56-8C221ECCBBD1}"
EndProject
Global
	GlobalSection(SolutionConfigurationPlatforms) = preSolution
		Debug|Any CPU = Debug|Any CPU
		Release|Any CPU = Release|Any CPU
	EndGlobalSection
	GlobalSection(ProjectConfigurationPlatforms) = postSolution
		{CE836B4A-3129-4D99-9C56-8C221ECCBBD1}.Debug|Any CPU.ActiveCfg = Debug|Any CPU
		{CE836B4A-3129-4D99-9C56-8C221ECCBBD1}.Debug|Any CPU.Build.0 = Debug|Any CPU
		{CE836B4A-3129-4D99-9C56-8C221ECCBBD1}.Release|Any CPU.ActiveCfg = Release|Any CPU
		{CE836B4A-3129-4D99-9C56-8C221ECCBBD1}.Release|Any CPU.Build.0 = Release|Any CPU
	EndGlobalSection
	GlobalSection(SolutionProperties) = preSolution
		HideSolutionNode = FALSE
	EndGlobalSection
	GlobalSection(ExtensibilityGlobals) = postSolution
		SolutionGuid = {614E126C-6AA4-43D4-9F92-F3A3DD07FF01}
	EndGlobalSection
EndGlobal
