
Microsoft Visual Studio Solution File, Format Version 12.00
# Visual Studio Version 17
VisualStudioVersion = 17.14.36915.13 d17.14
MinimumVisualStudioVersion = 10.0.40219.1
Project("{FAE04EC0-301F-11D3-BF4B-00C04F79EFBC}") = "POO", "POO.csproj", "{D7191F16-4B21-49FF-A9A1-41B4C98AAB72}"
EndProject
Global
	GlobalSection(SolutionConfigurationPlatforms) = preSolution
		Debug|Any CPU = Debug|Any CPU
		Release|Any CPU = Release|Any CPU
	EndGlobalSection
	GlobalSection(ProjectConfigurationPlatforms) = postSolution
		{D7191F16-4B21-49FF-A9A1-41B4C98AAB72}.Debug|Any CPU.ActiveCfg = Debug|Any CPU
		{D7191F16-4B21-49FF-A9A1-41B4C98AAB72}.Debug|Any CPU.Build.0 = Debug|Any CPU
		{D7191F16-4B21-49FF-A9A1-41B4C98AAB72}.Release|Any CPU.ActiveCfg = Release|Any CPU
		{D7191F16-4B21-49FF-A9A1-41B4C98AAB72}.Release|Any CPU.Build.0 = Release|Any CPU
	EndGlobalSection
	GlobalSection(SolutionProperties) = preSolution
		HideSolutionNode = FALSE
	EndGlobalSection
	GlobalSection(ExtensibilityGlobals) = postSolution
		SolutionGuid = {13A7774A-ED5F-48E3-9276-06DBD99BD31D}
	EndGlobalSection
EndGlobal
